<?xml version="1.0" encoding="utf-8"?>
<Project ToolsVersion="4.0" xmlns="http://schemas.microsoft.com/developer/msbuild/2003">
  <ItemGroup>
    <Filter Include="Source Files">
      <UniqueIdentifier>{d0725174-4427-41e2-8844-faeb9784a696}</UniqueIdentifier>
      <Extensions>cpp;c;cxx;rc;def;r;odl;idl;hpj;bat</Extensions>
    </Filter>
    <Filter Include="Header Files">
      <UniqueIdentifier>{b5fac841-7437-493f-ad30-4b4cedd1acfe}</UniqueIdentifier>
      <Extensions>h;hpp;hxx;hm;inl</Extensions>
    </Filter>
    <Filter Include="jpeg">
      <UniqueIdentifier>{b4c9e0fb-736a-4e87-8ece-6bd80adcca7b}</UniqueIdentifier>
    </Filter>
    <Filter Include="jpeg\Source Files No. 1">
      <UniqueIdentifier>{9f29a181-196a-4840-b279-65ab75521f10}</UniqueIdentifier>
    </Filter>
    <Filter Include="jpeg\Header Files No. 1">
      <UniqueIdentifier>{40134765-d5b1-4bd2-9a18-8990036d14af}</UniqueIdentifier>
    </Filter>
  </ItemGroup>
  <ItemGroup>
    <ClCompile Include="..\..\renderer\tr_animation.c">
      <Filter>Source Files</Filter>
    </ClCompile>
    <ClCompile Include="..\..\renderer\tr_backend.c">
      <Filter>Source Files</Filter>
    </ClCompile>
    <ClCompile Include="..\..\renderer\tr_bsp.c">
      <Filter>Source Files</Filter>
    </ClCompile>
    <ClCompile Include="..\..\renderer\tr_cmds.c">
      <Filter>Source Files</Filter>
    </ClCompile>
    <ClCompile Include="..\..\renderer\tr_curve.c">
      <Filter>Source Files</Filter>
    </ClCompile>
    <ClCompile Include="..\..\renderer\tr_flares.c">
      <Filter>Source Files</Filter>
    </ClCompile>
    <ClCompile Include="..\..\renderer\tr_font.c">
      <Filter>Source Files</Filter>
    </ClCompile>
    <ClCompile Include="..\..\renderer\tr_image.c">
      <Filter>Source Files</Filter>
    </ClCompile>
    <ClCompile Include="..\..\renderer\tr_init.c">
      <Filter>Source Files</Filter>
    </ClCompile>
    <ClCompile Include="..\..\renderer\tr_light.c">
      <Filter>Source Files</Filter>
    </ClCompile>
    <ClCompile Include="..\..\renderer\tr_main.c">
      <Filter>Source Files</Filter>
    </ClCompile>
    <ClCompile Include="..\..\renderer\tr_marks.c">
      <Filter>Source Files</Filter>
    </ClCompile>
    <ClCompile Include="..\..\renderer\tr_mesh.c">
      <Filter>Source Files</Filter>
    </ClCompile>
    <ClCompile Include="..\..\renderer\tr_model.c">
      <Filter>Source Files</Filter>
    </ClCompile>
    <ClCompile Include="..\..\renderer\tr_noise.c">
      <Filter>Source Files</Filter>
    </ClCompile>
    <ClCompile Include="..\..\renderer\tr_scene.c">
      <Filter>Source Files</Filter>
    </ClCompile>
    <ClCompile Include="..\..\renderer\tr_shade.c">
      <Filter>Source Files</Filter>
    </ClCompile>
    <ClCompile Include="..\..\renderer\tr_shade_calc.c">
      <Filter>Source Files</Filter>
    </ClCompile>
    <ClCompile Include="..\..\renderer\tr_shader.c">
      <Filter>Source Files</Filter>
    </ClCompile>
    <ClCompile Include="..\..\renderer\tr_shadows.c">
      <Filter>Source Files</Filter>
    </ClCompile>
    <ClCompile Include="..\..\renderer\tr_sky.c">
      <Filter>Source Files</Filter>
    </ClCompile>
    <ClCompile Include="..\..\renderer\tr_surface.c">
      <Filter>Source Files</Filter>
    </ClCompile>
    <ClCompile Include="..\..\renderer\tr_world.c">
      <Filter>Source Files</Filter>
    </ClCompile>
    <ClCompile Include="..\win_gamma.c">
      <Filter>Source Files</Filter>
    </ClCompile>
    <ClCompile Include="..\win_glimp.c">
      <Filter>Source Files</Filter>
    </ClCompile>
    <ClCompile Include="..\win_qgl.c">
      <Filter>Source Files</Filter>
    </ClCompile>
    <ClCompile Include="..\..\jpeg-6\jcapimin.c">
      <Filter>jpeg\Source Files No. 1</Filter>
    </ClCompile>
    <ClCompile Include="..\..\jpeg-6\jccoefct.c">
      <Filter>jpeg\Source Files No. 1</Filter>
    </ClCompile>
    <ClCompile Include="..\..\jpeg-6\jccolor.c">
      <Filter>jpeg\Source Files No. 1</Filter>
    </ClCompile>
    <ClCompile Include="..\..\jpeg-6\jcdctmgr.c">
      <Filter>jpeg\Source Files No. 1</Filter>
    </ClCompile>
    <ClCompile Include="..\..\jpeg-6\jchuff.c">
      <Filter>jpeg\Source Files No. 1</Filter>
    </ClCompile>
    <ClCompile Include="..\..\jpeg-6\jcinit.c">
      <Filter>jpeg\Source Files No. 1</Filter>
    </ClCompile>
    <ClCompile Include="..\..\jpeg-6\jcmainct.c">
      <Filter>jpeg\Source Files No. 1</Filter>
    </ClCompile>
    <ClCompile Include="..\..\jpeg-6\jcmarker.c">
      <Filter>jpeg\Source Files No. 1</Filter>
    </ClCompile>
    <ClCompile Include="..\..\jpeg-6\jcmaster.c">
      <Filter>jpeg\Source Files No. 1</Filter>
    </ClCompile>
    <ClCompile Include="..\..\jpeg-6\jcomapi.c">
      <Filter>jpeg\Source Files No. 1</Filter>
    </ClCompile>
    <ClCompile Include="..\..\jpeg-6\jcparam.c">
      <Filter>jpeg\Source Files No. 1</Filter>
    </ClCompile>
    <ClCompile Include="..\..\jpeg-6\jcphuff.c">
      <Filter>jpeg\Source Files No. 1</Filter>
    </ClCompile>
    <ClCompile Include="..\..\jpeg-6\jcprepct.c">
      <Filter>jpeg\Source Files No. 1</Filter>
    </ClCompile>
    <ClCompile Include="..\..\jpeg-6\jcsample.c">
      <Filter>jpeg\Source Files No. 1</Filter>
    </ClCompile>
    <ClCompile Include="..\..\jpeg-6\jctrans.c">
      <Filter>jpeg\Source Files No. 1</Filter>
    </ClCompile>
    <ClCompile Include="..\..\jpeg-6\jdapimin.c">
      <Filter>jpeg\Source Files No. 1</Filter>
    </ClCompile>
    <ClCompile Include="..\..\jpeg-6\jdapistd.c">
      <Filter>jpeg\Source Files No. 1</Filter>
    </ClCompile>
    <ClCompile Include="..\..\jpeg-6\jdatadst.c">
      <Filter>jpeg\Source Files No. 1</Filter>
    </ClCompile>
    <ClCompile Include="..\..\jpeg-6\jdatasrc.c">
      <Filter>jpeg\Source Files No. 1</Filter>
    </ClCompile>
    <ClCompile Include="..\..\jpeg-6\jdcoefct.c">
      <Filter>jpeg\Source Files No. 1</Filter>
    </ClCompile>
    <ClCompile Include="..\..\jpeg-6\jdcolor.c">
      <Filter>jpeg\Source Files No. 1</Filter>
    </ClCompile>
    <ClCompile Include="..\..\jpeg-6\jddctmgr.c">
      <Filter>jpeg\Source Files No. 1</Filter>
    </ClCompile>
    <ClCompile Include="..\..\jpeg-6\jdhuff.c">
      <Filter>jpeg\Source Files No. 1</Filter>
    </ClCompile>
    <ClCompile Include="..\..\jpeg-6\jdinput.c">
      <Filter>jpeg\Source Files No. 1</Filter>
    </ClCompile>
    <ClCompile Include="..\..\jpeg-6\jdmainct.c">
      <Filter>jpeg\Source Files No. 1</Filter>
    </ClCompile>
    <ClCompile Include="..\..\jpeg-6\jdmarker.c">
      <Filter>jpeg\Source Files No. 1</Filter>
    </ClCompile>
    <ClCompile Include="..\..\jpeg-6\jdmaster.c">
      <Filter>jpeg\Source Files No. 1</Filter>
    </ClCompile>
    <ClCompile Include="..\..\jpeg-6\jdpostct.c">
      <Filter>jpeg\Source Files No. 1</Filter>
    </ClCompile>
    <ClCompile Include="..\..\jpeg-6\jdsample.c">
      <Filter>jpeg\Source Files No. 1</Filter>
    </ClCompile>
    <ClCompile Include="..\..\jpeg-6\jdtrans.c">
      <Filter>jpeg\Source Files No. 1</Filter>
    </ClCompile>
    <ClCompile Include="..\..\jpeg-6\jerror.c">
      <Filter>jpeg\Source Files No. 1</Filter>
    </ClCompile>
    <ClCompile Include="..\..\jpeg-6\jfdctflt.c">
      <Filter>jpeg\Source Files No. 1</Filter>
    </ClCompile>
    <ClCompile Include="..\..\jpeg-6\jidctflt.c">
      <Filter>jpeg\Source Files No. 1</Filter>
    </ClCompile>
    <ClCompile Include="..\..\jpeg-6\jmemmgr.c">
      <Filter>jpeg\Source Files No. 1</Filter>
    </ClCompile>
    <ClCompile Include="..\..\jpeg-6\jmemnobs.c">
      <Filter>jpeg\Source Files No. 1</Filter>
    </ClCompile>
    <ClCompile Include="..\..\jpeg-6\jutils.c">
      <Filter>jpeg\Source Files No. 1</Filter>
    </ClCompile>
  </ItemGroup>
  <ItemGroup>
    <ClInclude Include="qcommon\cm_public.h">
      <Filter>Header Files</Filter>
    </ClInclude>
    <ClInclude Include="win32\glw_win.h">
      <Filter>Header Files</Filter>
    </ClInclude>
    <ClInclude Include="..\..\game\q_shared.h">
      <Filter>Header Files</Filter>
    </ClInclude>
    <ClInclude Include="qcommon\qcommon.h">
      <Filter>Header Files</Filter>
    </ClInclude>
    <ClInclude Include="qcommon\qfiles.h">
      <Filter>Header Files</Filter>
    </ClInclude>
    <ClInclude Include="..\..\renderer\qgl.h">
      <Filter>Header Files</Filter>
    </ClInclude>
    <ClInclude Include="..\..\game\surfaceflags.h">
      <Filter>Header Files</Filter>
    </ClInclude>
    <ClInclude Include="..\..\renderer\tr_local.h">
      <Filter>Header Files</Filter>
    </ClInclude>
    <ClInclude Include="..\..\renderer\tr_public.h">
      <Filter>Header Files</Filter>
    </ClInclude>
    <ClInclude Include="..\..\cgame\tr_types.h">
      <Filter>Header Files</Filter>
    </ClInclude>
    <ClInclude Include="win32\win_local.h">
      <Filter>Header Files</Filter>
    </ClInclude>
    <ClInclude Include="..\..\jpeg-6\jchuff.h">
      <Filter>jpeg\Header Files No. 1</Filter>
    </ClInclude>
    <ClInclude Include="..\..\jpeg-6\jconfig.h">
      <Filter>jpeg\Header Files No. 1</Filter>
    </ClInclude>
    <ClInclude Include="..\..\jpeg-6\jdct.h">
      <Filter>jpeg\Header Files No. 1</Filter>
    </ClInclude>
    <ClInclude Include="..\..\jpeg-6\jdhuff.h">
      <Filter>jpeg\Header Files No. 1</Filter>
    </ClInclude>
    <ClInclude Include="..\..\jpeg-6\jerror.h">
      <Filter>jpeg\Header Files No. 1</Filter>
    </ClInclude>
    <ClInclude Include="..\..\jpeg-6\jinclude.h">
      <Filter>jpeg\Header Files No. 1</Filter>
    </ClInclude>
    <ClInclude Include="..\..\jpeg-6\jmemsys.h">
      <Filter>jpeg\Header Files No. 1</Filter>
    </ClInclude>
    <ClInclude Include="..\..\jpeg-6\jmorecfg.h">
      <Filter>jpeg\Header Files No. 1</Filter>
    </ClInclude>
    <ClInclude Include="..\..\jpeg-6\jpegint.h">
      <Filter>jpeg\Header Files No. 1</Filter>
    </ClInclude>
    <ClInclude Include="..\..\jpeg-6\jpeglib.h">
      <Filter>jpeg\Header Files No. 1</Filter>
    </ClInclude>
    <ClInclude Include="..\..\jpeg-6\jversion.h">
      <Filter>jpeg\Header Files No. 1</Filter>
    </ClInclude>
  </ItemGroup>
</Project>