<?xml version="1.0" encoding="utf-8"?>
<Project ToolsVersion="4.0" xmlns="http://schemas.microsoft.com/developer/msbuild/2003">
  <ItemGroup>
    <Filter Include="Source Files">
      <UniqueIdentifier>{02c99512-ec2f-4e36-86fd-7e0b58150614}</UniqueIdentifier>
      <Extensions>cpp;c;cxx;rc;def;r;odl;idl;hpj;bat</Extensions>
    </Filter>
    <Filter Include="Header Files">
      <UniqueIdentifier>{e7c38243-e2d9-4d6c-9f17-a95e4f5f47fc}</UniqueIdentifier>
      <Extensions>h;hpp;hxx;hm;inl</Extensions>
    </Filter>
  </ItemGroup>
  <ItemGroup>
    <ClCompile Include="..\src\engine\botlib\be_aas_bspq3.c">
      <Filter>Source Files</Filter>
    </ClCompile>
    <ClCompile Include="..\src\engine\botlib\be_aas_cluster.c">
      <Filter>Source Files</Filter>
    </ClCompile>
    <ClCompile Include="..\src\engine\botlib\be_aas_debug.c">
      <Filter>Source Files</Filter>
    </ClCompile>
    <ClCompile Include="..\src\engine\botlib\be_aas_entity.c">
      <Filter>Source Files</Filter>
    </ClCompile>
    <ClCompile Include="..\src\engine\botlib\be_aas_file.c">
      <Filter>Source Files</Filter>
    </ClCompile>
    <ClCompile Include="..\src\engine\botlib\be_aas_main.c">
      <Filter>Source Files</Filter>
    </ClCompile>
    <ClCompile Include="..\src\engine\botlib\be_aas_move.c">
      <Filter>Source Files</Filter>
    </ClCompile>
    <ClCompile Include="..\src\engine\botlib\be_aas_optimize.c">
      <Filter>Source Files</Filter>
    </ClCompile>
    <ClCompile Include="..\src\engine\botlib\be_aas_reach.c">
      <Filter>Source Files</Filter>
    </ClCompile>
    <ClCompile Include="..\src\engine\botlib\be_aas_route.c">
      <Filter>Source Files</Filter>
    </ClCompile>
    <ClCompile Include="..\src\engine\botlib\be_aas_routealt.c">
      <Filter>Source Files</Filter>
    </ClCompile>
    <ClCompile Include="..\src\engine\botlib\be_aas_sample.c">
      <Filter>Source Files</Filter>
    </ClCompile>
    <ClCompile Include="..\src\engine\botlib\be_ai_char.c">
      <Filter>Source Files</Filter>
    </ClCompile>
    <ClCompile Include="..\src\engine\botlib\be_ai_chat.c">
      <Filter>Source Files</Filter>
    </ClCompile>
    <ClCompile Include="..\src\engine\botlib\be_ai_gen.c">
      <Filter>Source Files</Filter>
    </ClCompile>
    <ClCompile Include="..\src\engine\botlib\be_ai_goal.c">
      <Filter>Source Files</Filter>
    </ClCompile>
    <ClCompile Include="..\src\engine\botlib\be_ai_move.c">
      <Filter>Source Files</Filter>
    </ClCompile>
    <ClCompile Include="..\src\engine\botlib\be_ai_weap.c">
      <Filter>Source Files</Filter>
    </ClCompile>
    <ClCompile Include="..\src\engine\botlib\be_ai_weight.c">
      <Filter>Source Files</Filter>
    </ClCompile>
    <ClCompile Include="..\src\engine\botlib\be_ea.c">
      <Filter>Source Files</Filter>
    </ClCompile>
    <ClCompile Include="..\src\engine\botlib\be_interface.c">
      <Filter>Source Files</Filter>
    </ClCompile>
    <ClCompile Include="..\src\engine\botlib\l_crc.c">
      <Filter>Source Files</Filter>
    </ClCompile>
    <ClCompile Include="..\src\engine\botlib\l_libvar.c">
      <Filter>Source Files</Filter>
    </ClCompile>
    <ClCompile Include="..\src\engine\botlib\l_log.c">
      <Filter>Source Files</Filter>
    </ClCompile>
    <ClCompile Include="..\src\engine\botlib\l_memory.c">
      <Filter>Source Files</Filter>
    </ClCompile>
    <ClCompile Include="..\src\engine\botlib\l_precomp.c">
      <Filter>Source Files</Filter>
    </ClCompile>
    <ClCompile Include="..\src\engine\botlib\l_script.c">
      <Filter>Source Files</Filter>
    </ClCompile>
    <ClCompile Include="..\src\engine\botlib\l_struct.c">
      <Filter>Source Files</Filter>
    </ClCompile>
  </ItemGroup>
  <ItemGroup>
    <ClInclude Include="..\src\engine\botlib\aasfile.h">
      <Filter>Header Files</Filter>
    </ClInclude>
    <ClInclude Include="..\src\engine\botlib\be_aas_bsp.h">
      <Filter>Header Files</Filter>
    </ClInclude>
    <ClInclude Include="..\src\engine\botlib\be_aas_cluster.h">
      <Filter>Header Files</Filter>
    </ClInclude>
    <ClInclude Include="..\src\engine\botlib\be_aas_debug.h">
      <Filter>Header Files</Filter>
    </ClInclude>
    <ClInclude Include="..\src\engine\botlib\be_aas_def.h">
      <Filter>Header Files</Filter>
    </ClInclude>
    <ClInclude Include="..\src\engine\botlib\be_aas_entity.h">
      <Filter>Header Files</Filter>
    </ClInclude>
    <ClInclude Include="..\src\engine\botlib\be_aas_file.h">
      <Filter>Header Files</Filter>
    </ClInclude>
    <ClInclude Include="..\src\engine\botlib\be_aas_funcs.h">
      <Filter>Header Files</Filter>
    </ClInclude>
    <ClInclude Include="..\src\engine\botlib\be_aas_main.h">
      <Filter>Header Files</Filter>
    </ClInclude>
    <ClInclude Include="..\src\engine\botlib\be_aas_move.h">
      <Filter>Header Files</Filter>
    </ClInclude>
    <ClInclude Include="..\src\engine\botlib\be_aas_optimize.h">
      <Filter>Header Files</Filter>
    </ClInclude>
    <ClInclude Include="..\src\engine\botlib\be_aas_reach.h">
      <Filter>Header Files</Filter>
    </ClInclude>
    <ClInclude Include="..\src\engine\botlib\be_aas_route.h">
      <Filter>Header Files</Filter>
    </ClInclude>
    <ClInclude Include="..\src\engine\botlib\be_aas_routealt.h">
      <Filter>Header Files</Filter>
    </ClInclude>
    <ClInclude Include="..\src\engine\botlib\be_aas_sample.h">
      <Filter>Header Files</Filter>
    </ClInclude>
    <ClInclude Include="..\src\engine\botlib\be_ai_weight.h">
      <Filter>Header Files</Filter>
    </ClInclude>
    <ClInclude Include="..\src\engine\botlib\be_interface.h">
      <Filter>Header Files</Filter>
    </ClInclude>
    <ClInclude Include="..\src\game\bg_public.h">
      <Filter>Header Files</Filter>
    </ClInclude>
    <ClInclude Include="..\src\engine\qcommon\cm_public.h">
      <Filter>Header Files</Filter>
    </ClInclude>
    <ClInclude Include="..\src\game\g_public.h">
      <Filter>Header Files</Filter>
    </ClInclude>
    <ClInclude Include="..\src\engine\botlib\l_crc.h">
      <Filter>Header Files</Filter>
    </ClInclude>
    <ClInclude Include="..\src\engine\botlib\l_libvar.h">
      <Filter>Header Files</Filter>
    </ClInclude>
    <ClInclude Include="..\src\engine\botlib\l_log.h">
      <Filter>Header Files</Filter>
    </ClInclude>
    <ClInclude Include="..\src\engine\botlib\l_memory.h">
      <Filter>Header Files</Filter>
    </ClInclude>
    <ClInclude Include="..\src\engine\botlib\l_precomp.h">
      <Filter>Header Files</Filter>
    </ClInclude>
    <ClInclude Include="..\src\engine\botlib\l_script.h">
      <Filter>Header Files</Filter>
    </ClInclude>
    <ClInclude Include="..\src\engine\botlib\l_struct.h">
      <Filter>Header Files</Filter>
    </ClInclude>
    <ClInclude Include="..\src\engine\botlib\l_utils.h">
      <Filter>Header Files</Filter>
    </ClInclude>
    <ClInclude Include="..\src\game\q_shared.h">
      <Filter>Header Files</Filter>
    </ClInclude>
    <ClInclude Include="..\src\engine\qcommon\qcommon.h">
      <Filter>Header Files</Filter>
    </ClInclude>
    <ClInclude Include="..\src\engine\qcommon\qfiles.h">
      <Filter>Header Files</Filter>
    </ClInclude>
    <ClInclude Include="..\src\engine\server\server.h">
      <Filter>Header Files</Filter>
    </ClInclude>
    <ClInclude Include="..\src\game\surfaceflags.h">
      <Filter>Header Files</Filter>
    </ClInclude>
  </ItemGroup>
</Project>